# This file is automatically @generated by Cargo.
# It is not intended for manual editing.
version = 4

[[package]]
name = "stdin-helper"
version = "1.0.1"
source = "registry+https://github.com/rust-lang/crates.io-index"
checksum = "47b4fa542af136d44ba5433a2ce04363c3795e9c670c1e9b29488536844183f5"

[[package]]
name = "tideman"
version = "0.1.0"
dependencies = [
 "stdin-helper",
]
