# This file is automatically @generated by Cargo.
# It is not intended for manual editing.
version = 4

[[package]]
name = "cs50_rust"
version = "1.0.0"
source = "registry+https://github.com/rust-lang/crates.io-index"
checksum = "4308e740bd48715f343197a5a63b28caa099edd4b0fd77562971b28ae7dfd3f1"

[[package]]
name = "mario-less"
version = "0.1.0"
dependencies = [
 "cs50_rust",
]
